
Microsoft Visual Studio Solution File, Format Version 12.00
# Visual Studio Version 17
VisualStudioVersion = 17.8.34330.188
MinimumVisualStudioVersion = 10.0.40219.1
Project("{FAE04EC0-301F-11D3-BF4B-00C04F79EFBC}") = "Phase1Section4.21", "Phase1Section4.21\Phase1Section4.21.csproj", "{2A744382-1C58-4330-BF0B-7F6D8A76B7CD}"
EndProject
Global
	GlobalSection(SolutionConfigurationPlatforms) = preSolution
		Debug|Any CPU = Debug|Any CPU
		Release|Any CPU = Release|Any CPU
	EndGlobalSection
	GlobalSection(ProjectConfigurationPlatforms) = postSolution
		{2A744382-1C58-4330-BF0B-7F6D8A76B7CD}.Debug|Any CPU.ActiveCfg = Debug|Any CPU
		{2A744382-1C58-4330-BF0B-7F6D8A76B7CD}.Debug|Any CPU.Build.0 = Debug|Any CPU
		{2A744382-1C58-4330-BF0B-7F6D8A76B7CD}.Release|Any CPU.ActiveCfg = Release|Any CPU
		{2A744382-1C58-4330-BF0B-7F6D8A76B7CD}.Release|Any CPU.Build.0 = Release|Any CPU
	EndGlobalSection
	GlobalSection(SolutionProperties) = preSolution
		HideSolutionNode = FALSE
	EndGlobalSection
	GlobalSection(ExtensibilityGlobals) = postSolution
		SolutionGuid = {3868AEAF-58E9-428A-AAC5-9E6BCE03456A}
	EndGlobalSection
EndGlobal
